
Microsoft Visual Studio Solution File, Format Version 12.00
# Visual Studio Version 17
VisualStudioVersion = 17.13.35818.85 d17.13
MinimumVisualStudioVersion = 10.0.40219.1
Project("{FAE04EC0-301F-11D3-BF4B-00C04F79EFBC}") = "Memory", "Memory\Memory.csproj", "{2010C678-59F6-4C85-91E1-D0EE8A0902EE}"
EndProject
Global
	GlobalSection(SolutionConfigurationPlatforms) = preSolution
		Debug|Any CPU = Debug|Any CPU
		Release|Any CPU = Release|Any CPU
	EndGlobalSection
	GlobalSection(ProjectConfigurationPlatforms) = postSolution
		{2010C678-59F6-4C85-91E1-D0EE8A0902EE}.Debug|Any CPU.ActiveCfg = Debug|Any CPU
		{2010C678-59F6-4C85-91E1-D0EE8A0902EE}.Debug|Any CPU.Build.0 = Debug|Any CPU
		{2010C678-59F6-4C85-91E1-D0EE8A0902EE}.Release|Any CPU.ActiveCfg = Release|Any CPU
		{2010C678-59F6-4C85-91E1-D0EE8A0902EE}.Release|Any CPU.Build.0 = Release|Any CPU
	EndGlobalSection
	GlobalSection(SolutionProperties) = preSolution
		HideSolutionNode = FALSE
	EndGlobalSection
	GlobalSection(ExtensibilityGlobals) = postSolution
		SolutionGuid = {E49A3628-0DF6-465B-BC6C-E8030E1E2303}
	EndGlobalSection
EndGlobal
